# This file was autogenerated by Stack.
# You should not edit this file by hand.
# For more information, please see the documentation at:
#   https://docs.haskellstack.org/en/stable/lock_files

packages:
- completed:
    hackage: opaleye-0.8.0.1@sha256:2c518a4fe8672600ea9c8b6fadbfbb708c8fef286f3bc8bc1cc530fc344c25b4,5801
    pantry-tree:
      size: 5662
      sha256: 23a1314294103065989ebaa7717af2aa3f1595c7fff23c8eea7c1836ddce5a04
  original:
    hackage: opaleye-0.8.0.1
- completed:
    hackage: rel8-1.2.1.0@sha256:d7c22b8991e8f2e2647e73b154f72943f42c4e2c804a1af9fff31693de2d5958,5045
    pantry-tree:
      size: 9027
      sha256: eb710f38cf571a7c965e2cde9e233b844b14f786d3cb191e2b77ff5c3c0ecf85
  original:
    hackage: rel8-1.2.1.0
snapshots:
- completed:
    size: 587819
    url: https://raw.githubusercontent.com/commercialhaskell/stackage-snapshots/master/lts/18/23.yaml
    sha256: 7f69bb29a57495586e7e3ed31ecc59c0d2c959cb23bd52b71ca676f254c9beb1
  original:
    url: https://raw.githubusercontent.com/commercialhaskell/stackage-snapshots/master/lts/18/23.yaml
